
Microsoft Visual Studio Solution File, Format Version 12.00
# Visual Studio Version 16
VisualStudioVersion = 16.0.31005.135
MinimumVisualStudioVersion = 10.0.40219.1
Project("{FAE04EC0-301F-11D3-BF4B-00C04F79EFBC}") = "BlueRose", "BlueRose\BlueRose.csproj", "{DC049B5A-733A-4137-AE58-2495517ECA2F}"
EndProject
Project("{FAE04EC0-301F-11D3-BF4B-00C04F79EFBC}") = "BlueRoseUpdate", "BlueRoseUpdate\BlueRoseUpdate.csproj", "{798F1669-354F-4ED1-AEE4-05C82314F00E}"
EndProject
Project("{FAE04EC0-301F-11D3-BF4B-00C04F79EFBC}") = "ZACKUpdater", "ZACKUpdater\ZACKUpdater.csproj", "{EF5CA42A-7D99-4F47-B6F1-7BD4532150D2}"
EndProject
Project("{2150E333-8FDC-42A3-9474-1A3956D46DE8}") = "Solution Items", "Solution Items", "{1623CCF2-E81F-42AC-93BC-EDE69F6921CD}"
	ProjectSection(SolutionItems) = preProject
		.editorconfig = .editorconfig
		BlueRose.sln.licenseheader = BlueRose.sln.licenseheader
		README.md = README.md
	EndProjectSection
EndProject
Project("{FAE04EC0-301F-11D3-BF4B-00C04F79EFBC}") = "BlueRoseCore", "BlueRoseCore\BlueRoseCore.csproj", "{60651B72-6FBE-4D8E-8276-7727212C3030}"
EndProject
Global
	GlobalSection(SolutionConfigurationPlatforms) = preSolution
		Debug|Any CPU = Debug|Any CPU
		Release|Any CPU = Release|Any CPU
	EndGlobalSection
	GlobalSection(ProjectConfigurationPlatforms) = postSolution
		{DC049B5A-733A-4137-AE58-2495517ECA2F}.Debug|Any CPU.ActiveCfg = Debug|Any CPU
		{DC049B5A-733A-4137-AE58-2495517ECA2F}.Debug|Any CPU.Build.0 = Debug|Any CPU
		{DC049B5A-733A-4137-AE58-2495517ECA2F}.Release|Any CPU.ActiveCfg = Release|Any CPU
		{DC049B5A-733A-4137-AE58-2495517ECA2F}.Release|Any CPU.Build.0 = Release|Any CPU
		{798F1669-354F-4ED1-AEE4-05C82314F00E}.Debug|Any CPU.ActiveCfg = Debug|Any CPU
		{798F1669-354F-4ED1-AEE4-05C82314F00E}.Debug|Any CPU.Build.0 = Debug|Any CPU
		{798F1669-354F-4ED1-AEE4-05C82314F00E}.Release|Any CPU.ActiveCfg = Release|Any CPU
		{798F1669-354F-4ED1-AEE4-05C82314F00E}.Release|Any CPU.Build.0 = Release|Any CPU
		{EF5CA42A-7D99-4F47-B6F1-7BD4532150D2}.Debug|Any CPU.ActiveCfg = Debug|Any CPU
		{EF5CA42A-7D99-4F47-B6F1-7BD4532150D2}.Debug|Any CPU.Build.0 = Debug|Any CPU
		{EF5CA42A-7D99-4F47-B6F1-7BD4532150D2}.Release|Any CPU.ActiveCfg = Release|Any CPU
		{EF5CA42A-7D99-4F47-B6F1-7BD4532150D2}.Release|Any CPU.Build.0 = Release|Any CPU
		{60651B72-6FBE-4D8E-8276-7727212C3030}.Debug|Any CPU.ActiveCfg = Debug|Any CPU
		{60651B72-6FBE-4D8E-8276-7727212C3030}.Debug|Any CPU.Build.0 = Debug|Any CPU
		{60651B72-6FBE-4D8E-8276-7727212C3030}.Release|Any CPU.ActiveCfg = Release|Any CPU
		{60651B72-6FBE-4D8E-8276-7727212C3030}.Release|Any CPU.Build.0 = Release|Any CPU
	EndGlobalSection
	GlobalSection(SolutionProperties) = preSolution
		HideSolutionNode = FALSE
	EndGlobalSection
	GlobalSection(ExtensibilityGlobals) = postSolution
		SolutionGuid = {14481068-E5FD-4F4C-A3BE-AEC37B7F6528}
	EndGlobalSection
EndGlobal
